
Microsoft Visual Studio Solution File, Format Version 12.00
# Visual Studio Version 17
VisualStudioVersion = 17.13.35919.96 d17.13
MinimumVisualStudioVersion = 10.0.40219.1
Project("{FAE04EC0-301F-11D3-BF4B-00C04F79EFBC}") = "GyRb", "GyRb\GyRb.csproj", "{2D76EEB7-54F8-44FF-BE5C-C53B8C02F019}"
EndProject
Global
	GlobalSection(SolutionConfigurationPlatforms) = preSolution
		Debug|Any CPU = Debug|Any CPU
		Release|Any CPU = Release|Any CPU
	EndGlobalSection
	GlobalSection(ProjectConfigurationPlatforms) = postSolution
		{2D76EEB7-54F8-44FF-BE5C-C53B8C02F019}.Debug|Any CPU.ActiveCfg = Debug|Any CPU
		{2D76EEB7-54F8-44FF-BE5C-C53B8C02F019}.Debug|Any CPU.Build.0 = Debug|Any CPU
		{2D76EEB7-54F8-44FF-BE5C-C53B8C02F019}.Release|Any CPU.ActiveCfg = Release|Any CPU
		{2D76EEB7-54F8-44FF-BE5C-C53B8C02F019}.Release|Any CPU.Build.0 = Release|Any CPU
	EndGlobalSection
	GlobalSection(SolutionProperties) = preSolution
		HideSolutionNode = FALSE
	EndGlobalSection
	GlobalSection(ExtensibilityGlobals) = postSolution
		SolutionGuid = {6664456A-858F-4B47-BA9D-6B6EC0C7D177}
	EndGlobalSection
EndGlobal
